
Microsoft Visual Studio Solution File, Format Version 12.00
# Visual Studio Version 17
VisualStudioVersion = 17.5.33530.505
MinimumVisualStudioVersion = 10.0.40219.1
Project("{FAE04EC0-301F-11D3-BF4B-00C04F79EFBC}") = "Bai_1", "Baitapvenha\Bai_1.csproj", "{00CCF633-E6A5-4F15-9C8F-AD2C96113E03}"
EndProject
Project("{FAE04EC0-301F-11D3-BF4B-00C04F79EFBC}") = "Bai_2", "Bai_2\Bai_2.csproj", "{5434E815-709B-4572-BE29-9950280C6862}"
EndProject
Project("{FAE04EC0-301F-11D3-BF4B-00C04F79EFBC}") = "Bai_3", "Bai_3\Bai_3.csproj", "{6C5BC4E4-E984-43B9-B749-936E44D6AB00}"
EndProject
Project("{FAE04EC0-301F-11D3-BF4B-00C04F79EFBC}") = "Bai_4", "Bai_4\Bai_4.csproj", "{9C9CD09E-F5AB-486D-BD73-17E8D632422D}"
EndProject
Project("{FAE04EC0-301F-11D3-BF4B-00C04F79EFBC}") = "Bai_5", "Bai_5\Bai_5.csproj", "{B0F6DC78-EB80-4720-AA1F-6B74D17216BB}"
EndProject
Project("{FAE04EC0-301F-11D3-BF4B-00C04F79EFBC}") = "Bai_6", "Bai_6\Bai_6.csproj", "{1258219F-2940-4AA7-AB35-D6A2FEA38E60}"
EndProject
Project("{FAE04EC0-301F-11D3-BF4B-00C04F79EFBC}") = "Bai_7", "Bai_7\Bai_7.csproj", "{5CFD7450-49B9-471F-B446-422DBF3546CE}"
EndProject
Project("{FAE04EC0-301F-11D3-BF4B-00C04F79EFBC}") = "Bai_8", "Bai_8\Bai_8.csproj", "{859E5AE1-CF88-43C1-9951-84FAD812EEFD}"
EndProject
Project("{FAE04EC0-301F-11D3-BF4B-00C04F79EFBC}") = "Bai_9", "Bai_9\Bai_9.csproj", "{4FC55527-C6A5-4733-B049-1C099D22C64F}"
EndProject
Project("{FAE04EC0-301F-11D3-BF4B-00C04F79EFBC}") = "Bai_10", "Bai_10\Bai_10.csproj", "{B81F547F-B776-481F-8E68-05A82A6765D4}"
EndProject
Global
	GlobalSection(SolutionConfigurationPlatforms) = preSolution
		Debug|Any CPU = Debug|Any CPU
		Release|Any CPU = Release|Any CPU
	EndGlobalSection
	GlobalSection(ProjectConfigurationPlatforms) = postSolution
		{00CCF633-E6A5-4F15-9C8F-AD2C96113E03}.Debug|Any CPU.ActiveCfg = Debug|Any CPU
		{00CCF633-E6A5-4F15-9C8F-AD2C96113E03}.Debug|Any CPU.Build.0 = Debug|Any CPU
		{00CCF633-E6A5-4F15-9C8F-AD2C96113E03}.Release|Any CPU.ActiveCfg = Release|Any CPU
		{00CCF633-E6A5-4F15-9C8F-AD2C96113E03}.Release|Any CPU.Build.0 = Release|Any CPU
		{5434E815-709B-4572-BE29-9950280C6862}.Debug|Any CPU.ActiveCfg = Debug|Any CPU
		{5434E815-709B-4572-BE29-9950280C6862}.Debug|Any CPU.Build.0 = Debug|Any CPU
		{5434E815-709B-4572-BE29-9950280C6862}.Release|Any CPU.ActiveCfg = Release|Any CPU
		{5434E815-709B-4572-BE29-9950280C6862}.Release|Any CPU.Build.0 = Release|Any CPU
		{6C5BC4E4-E984-43B9-B749-936E44D6AB00}.Debug|Any CPU.ActiveCfg = Debug|Any CPU
		{6C5BC4E4-E984-43B9-B749-936E44D6AB00}.Debug|Any CPU.Build.0 = Debug|Any CPU
		{6C5BC4E4-E984-43B9-B749-936E44D6AB00}.Release|Any CPU.ActiveCfg = Release|Any CPU
		{6C5BC4E4-E984-43B9-B749-936E44D6AB00}.Release|Any CPU.Build.0 = Release|Any CPU
		{9C9CD09E-F5AB-486D-BD73-17E8D632422D}.Debug|Any CPU.ActiveCfg = Debug|Any CPU
		{9C9CD09E-F5AB-486D-BD73-17E8D632422D}.Debug|Any CPU.Build.0 = Debug|Any CPU
		{9C9CD09E-F5AB-486D-BD73-17E8D632422D}.Release|Any CPU.ActiveCfg = Release|Any CPU
		{9C9CD09E-F5AB-486D-BD73-17E8D632422D}.Release|Any CPU.Build.0 = Release|Any CPU
		{B0F6DC78-EB80-4720-AA1F-6B74D17216BB}.Debug|Any CPU.ActiveCfg = Debug|Any CPU
		{B0F6DC78-EB80-4720-AA1F-6B74D17216BB}.Debug|Any CPU.Build.0 = Debug|Any CPU
		{B0F6DC78-EB80-4720-AA1F-6B74D17216BB}.Release|Any CPU.ActiveCfg = Release|Any CPU
		{B0F6DC78-EB80-4720-AA1F-6B74D17216BB}.Release|Any CPU.Build.0 = Release|Any CPU
		{1258219F-2940-4AA7-AB35-D6A2FEA38E60}.Debug|Any CPU.ActiveCfg = Debug|Any CPU
		{1258219F-2940-4AA7-AB35-D6A2FEA38E60}.Debug|Any CPU.Build.0 = Debug|Any CPU
		{1258219F-2940-4AA7-AB35-D6A2FEA38E60}.Release|Any CPU.ActiveCfg = Release|Any CPU
		{1258219F-2940-4AA7-AB35-D6A2FEA38E60}.Release|Any CPU.Build.0 = Release|Any CPU
		{5CFD7450-49B9-471F-B446-422DBF3546CE}.Debug|Any CPU.ActiveCfg = Debug|Any CPU
		{5CFD7450-49B9-471F-B446-422DBF3546CE}.Debug|Any CPU.Build.0 = Debug|Any CPU
		{5CFD7450-49B9-471F-B446-422DBF3546CE}.Release|Any CPU.ActiveCfg = Release|Any CPU
		{5CFD7450-49B9-471F-B446-422DBF3546CE}.Release|Any CPU.Build.0 = Release|Any CPU
		{859E5AE1-CF88-43C1-9951-84FAD812EEFD}.Debug|Any CPU.ActiveCfg = Debug|Any CPU
		{859E5AE1-CF88-43C1-9951-84FAD812EEFD}.Debug|Any CPU.Build.0 = Debug|Any CPU
		{859E5AE1-CF88-43C1-9951-84FAD812EEFD}.Release|Any CPU.ActiveCfg = Release|Any CPU
		{859E5AE1-CF88-43C1-9951-84FAD812EEFD}.Release|Any CPU.Build.0 = Release|Any CPU
		{4FC55527-C6A5-4733-B049-1C099D22C64F}.Debug|Any CPU.ActiveCfg = Debug|Any CPU
		{4FC55527-C6A5-4733-B049-1C099D22C64F}.Debug|Any CPU.Build.0 = Debug|Any CPU
		{4FC55527-C6A5-4733-B049-1C099D22C64F}.Release|Any CPU.ActiveCfg = Release|Any CPU
		{4FC55527-C6A5-4733-B049-1C099D22C64F}.Release|Any CPU.Build.0 = Release|Any CPU
		{B81F547F-B776-481F-8E68-05A82A6765D4}.Debug|Any CPU.ActiveCfg = Debug|Any CPU
		{B81F547F-B776-481F-8E68-05A82A6765D4}.Debug|Any CPU.Build.0 = Debug|Any CPU
		{B81F547F-B776-481F-8E68-05A82A6765D4}.Release|Any CPU.ActiveCfg = Release|Any CPU
		{B81F547F-B776-481F-8E68-05A82A6765D4}.Release|Any CPU.Build.0 = Release|Any CPU
	EndGlobalSection
	GlobalSection(SolutionProperties) = preSolution
		HideSolutionNode = FALSE
	EndGlobalSection
	GlobalSection(ExtensibilityGlobals) = postSolution
		SolutionGuid = {F0282455-0EA1-406C-9BED-CA4383FC4834}
	EndGlobalSection
EndGlobal
